// !$*UTF8*$!
{
	archiveVersion = 1;
	classes = {
	};
	objectVersion = 48;
	objects = {

/* Begin PBXBuildFile section */
		4B057A892041C6F600619752 /* Faction.m in Sources */ = {isa = PBXBuildFile; fileRef = 4B057A882041C6F600619752 /* Faction.m */; };
		4B1CAA411FF83DFE00E48B78 /* Register.m in Sources */ = {isa = PBXBuildFile; fileRef = 4B1CAA401FF83DFE00E48B78 /* Register.m */; };
		4B2C46111FE5AD39006F645F /* ABDUCTION.TTF in Resources */ = {isa = PBXBuildFile; fileRef = 4B2C46101FE5AD24006F645F /* ABDUCTION.TTF */; };
		4B2EDF452128A25C004F97D0 /* Lisbon.m in Sources */ = {isa = PBXBuildFile; fileRef = 4B2EDF442128A25C004F97D0 /* Lisbon.m */; };
		4B2EDF482128B747004F97D0 /* Torindor.m in Sources */ = {isa = PBXBuildFile; fileRef = 4B2EDF472128B747004F97D0 /* Torindor.m */; };
		4B49D7A21FFBD1EF00F33B24 /* Signup.m in Sources */ = {isa = PBXBuildFile; fileRef = 4B49D7A11FFBD1EF00F33B24 /* Signup.m */; };
		4B62F17A202A72DD00DD99BD /* Terminal.m in Sources */ = {isa = PBXBuildFile; fileRef = 4B62F179202A72DC00DD99BD /* Terminal.m */; };
		4B62F17D202A733100DD99BD /* Market.m in Sources */ = {isa = PBXBuildFile; fileRef = 4B62F17C202A733100DD99BD /* Market.m */; };
		4B62F180202A738F00DD99BD /* Social.m in Sources */ = {isa = PBXBuildFile; fileRef = 4B62F17F202A738F00DD99BD /* Social.m */; };
		4B9ECE911FE09FEF00D55D5B /* AppDelegate.m in Sources */ = {isa = PBXBuildFile; fileRef = 4B9ECE901FE09FEF00D55D5B /* AppDelegate.m */; };
		4B9ECE941FE09FEF00D55D5B /* Login.m in Sources */ = {isa = PBXBuildFile; fileRef = 4B9ECE931FE09FEF00D55D5B /* Login.m */; };
		4B9ECE971FE09FF000D55D5B /* Main.storyboard in Resources */ = {isa = PBXBuildFile; fileRef = 4B9ECE951FE09FF000D55D5B /* Main.storyboard */; };
		4B9ECE9C1FE09FF000D55D5B /* LaunchScreen.storyboard in Resources */ = {isa = PBXBuildFile; fileRef = 4B9ECE9A1FE09FF000D55D5B /* LaunchScreen.storyboard */; };
		4B9ECE9F1FE09FF000D55D5B /* main.m in Sources */ = {isa = PBXBuildFile; fileRef = 4B9ECE9E1FE09FF000D55D5B /* main.m */; };
		4B9ECEA91FE09FF000D55D5B /* CityCorpTests.m in Sources */ = {isa = PBXBuildFile; fileRef = 4B9ECEA81FE09FF000D55D5B /* CityCorpTests.m */; };
		4B9ECEB41FE09FF000D55D5B /* CityCorpUITests.m in Sources */ = {isa = PBXBuildFile; fileRef = 4B9ECEB31FE09FF000D55D5B /* CityCorpUITests.m */; };
		4B9ECEC61FE0A18200D55D5B /* Reykjavik.m in Sources */ = {isa = PBXBuildFile; fileRef = 4B9ECEC51FE0A18200D55D5B /* Reykjavik.m */; };
		4B9ECEC91FE169BA00D55D5B /* MainMenu.m in Sources */ = {isa = PBXBuildFile; fileRef = 4B9ECEC81FE169BA00D55D5B /* MainMenu.m */; };
		4B9ECECC1FE169E500D55D5B /* MapView.m in Sources */ = {isa = PBXBuildFile; fileRef = 4B9ECECB1FE169E500D55D5B /* MapView.m */; };
		4BA5427621231C0C00F99925 /* Oostende.m in Sources */ = {isa = PBXBuildFile; fileRef = 4BA5427521231C0C00F99925 /* Oostende.m */; };
		4BA542792125FB1100F99925 /* Penzance.m in Sources */ = {isa = PBXBuildFile; fileRef = 4BA542782125FB1100F99925 /* Penzance.m */; };
		4BA6203F20B306F700AD77F8 /* Bergen.m in Sources */ = {isa = PBXBuildFile; fileRef = 4BA6203E20B306F700AD77F8 /* Bergen.m */; };
		4BB3686D1FE817CC00801ED8 /* Assets.xcassets in Resources */ = {isa = PBXBuildFile; fileRef = 4BB3686C1FE817CC00801ED8 /* Assets.xcassets */; };
		4BB368711FEBEBB600801ED8 /* Button.m in Sources */ = {isa = PBXBuildFile; fileRef = 4BB368701FEBEBB600801ED8 /* Button.m */; };
		4BBC61AB2009191300AE9979 /* Forgot.m in Sources */ = {isa = PBXBuildFile; fileRef = 4BBC61AA2009191300AE9979 /* Forgot.m */; };
		4BF35C93216274240062CC6F /* DLRadioButton.m in Sources */ = {isa = PBXBuildFile; fileRef = 4BF35C92216274230062CC6F /* DLRadioButton.m */; };
		4BFE638C20223E2100E92F67 /* GoogleMobileAds.framework in Frameworks */ = {isa = PBXBuildFile; fileRef = 4BFE638B20223E2100E92F67 /* GoogleMobileAds.framework */; };
		4BFF1DF81FF57465007902A1 /* Functions.m in Sources */ = {isa = PBXBuildFile; fileRef = 4BFF1DF71FF57465007902A1 /* Functions.m */; };
/* End PBXBuildFile section */

/* Begin PBXContainerItemProxy section */
		4B9ECEA51FE09FF000D55D5B /* PBXContainerItemProxy */ = {
			isa = PBXContainerItemProxy;
			containerPortal = 4B9ECE841FE09FEE00D55D5B /* Project object */;
			proxyType = 1;
			remoteGlobalIDString = 4B9ECE8B1FE09FEE00D55D5B;
			remoteInfo = CityCorp;
		};
		4B9ECEB01FE09FF000D55D5B /* PBXContainerItemProxy */ = {
			isa = PBXContainerItemProxy;
			containerPortal = 4B9ECE841FE09FEE00D55D5B /* Project object */;
			proxyType = 1;
			remoteGlobalIDString = 4B9ECE8B1FE09FEE00D55D5B;
			remoteInfo = CityCorp;
		};
/* End PBXContainerItemProxy section */

/* Begin PBXFileReference section */
		4B057A872041C6F600619752 /* Faction.h */ = {isa = PBXFileReference; lastKnownFileType = sourcecode.c.h; path = Faction.h; sourceTree = "<group>"; };
		4B057A882041C6F600619752 /* Faction.m */ = {isa = PBXFileReference; lastKnownFileType = sourcecode.c.objc; path = Faction.m; sourceTree = "<group>"; };
		4B1CAA3F1FF83DFE00E48B78 /* Register.h */ = {isa = PBXFileReference; lastKnownFileType = sourcecode.c.h; path = Register.h; sourceTree = "<group>"; };
		4B1CAA401FF83DFE00E48B78 /* Register.m */ = {isa = PBXFileReference; lastKnownFileType = sourcecode.c.objc; path = Register.m; sourceTree = "<group>"; };
		4B2C46101FE5AD24006F645F /* ABDUCTION.TTF */ = {isa = PBXFileReference; lastKnownFileType = file; name = ABDUCTION.TTF; path = CityCorp/ABDUCTION.TTF; sourceTree = "<group>"; };
		4B2EDF432128A25C004F97D0 /* Lisbon.h */ = {isa = PBXFileReference; lastKnownFileType = sourcecode.c.h; path = Lisbon.h; sourceTree = "<group>"; };
		4B2EDF442128A25C004F97D0 /* Lisbon.m */ = {isa = PBXFileReference; lastKnownFileType = sourcecode.c.objc; path = Lisbon.m; sourceTree = "<group>"; };
		4B2EDF462128B747004F97D0 /* Torindor.h */ = {isa = PBXFileReference; lastKnownFileType = sourcecode.c.h; path = Torindor.h; sourceTree = "<group>"; };
		4B2EDF472128B747004F97D0 /* Torindor.m */ = {isa = PBXFileReference; lastKnownFileType = sourcecode.c.objc; path = Torindor.m; sourceTree = "<group>"; };
		4B49D7A01FFBD1EF00F33B24 /* Signup.h */ = {isa = PBXFileReference; lastKnownFileType = sourcecode.c.h; path = Signup.h; sourceTree = "<group>"; };
		4B49D7A11FFBD1EF00F33B24 /* Signup.m */ = {isa = PBXFileReference; lastKnownFileType = sourcecode.c.objc; path = Signup.m; sourceTree = "<group>"; };
		4B62F178202A72DC00DD99BD /* Terminal.h */ = {isa = PBXFileReference; lastKnownFileType = sourcecode.c.h; path = Terminal.h; sourceTree = "<group>"; };
		4B62F179202A72DC00DD99BD /* Terminal.m */ = {isa = PBXFileReference; lastKnownFileType = sourcecode.c.objc; path = Terminal.m; sourceTree = "<group>"; };
		4B62F17B202A733100DD99BD /* Market.h */ = {isa = PBXFileReference; lastKnownFileType = sourcecode.c.h; path = Market.h; sourceTree = "<group>"; };
		4B62F17C202A733100DD99BD /* Market.m */ = {isa = PBXFileReference; lastKnownFileType = sourcecode.c.objc; path = Market.m; sourceTree = "<group>"; };
		4B62F17E202A738F00DD99BD /* Social.h */ = {isa = PBXFileReference; lastKnownFileType = sourcecode.c.h; path = Social.h; sourceTree = "<group>"; };
		4B62F17F202A738F00DD99BD /* Social.m */ = {isa = PBXFileReference; lastKnownFileType = sourcecode.c.objc; path = Social.m; sourceTree = "<group>"; };
		4B9ECE8C1FE09FEE00D55D5B /* CityCorp.app */ = {isa = PBXFileReference; explicitFileType = wrapper.application; includeInIndex = 0; path = CityCorp.app; sourceTree = BUILT_PRODUCTS_DIR; };
		4B9ECE8F1FE09FEE00D55D5B /* AppDelegate.h */ = {isa = PBXFileReference; lastKnownFileType = sourcecode.c.h; path = AppDelegate.h; sourceTree = "<group>"; };
		4B9ECE901FE09FEF00D55D5B /* AppDelegate.m */ = {isa = PBXFileReference; lastKnownFileType = sourcecode.c.objc; path = AppDelegate.m; sourceTree = "<group>"; };
		4B9ECE921FE09FEF00D55D5B /* Login.h */ = {isa = PBXFileReference; lastKnownFileType = sourcecode.c.h; path = Login.h; sourceTree = "<group>"; };
		4B9ECE931FE09FEF00D55D5B /* Login.m */ = {isa = PBXFileReference; lastKnownFileType = sourcecode.c.objc; path = Login.m; sourceTree = "<group>"; };
		4B9ECE961FE09FF000D55D5B /* Base */ = {isa = PBXFileReference; lastKnownFileType = file.storyboard; name = Base; path = Base.lproj/Main.storyboard; sourceTree = "<group>"; };
		4B9ECE9B1FE09FF000D55D5B /* Base */ = {isa = PBXFileReference; lastKnownFileType = file.storyboard; name = Base; path = Base.lproj/LaunchScreen.storyboard; sourceTree = "<group>"; };
		4B9ECE9D1FE09FF000D55D5B /* Info.plist */ = {isa = PBXFileReference; lastKnownFileType = text.plist.xml; path = Info.plist; sourceTree = "<group>"; };
		4B9ECE9E1FE09FF000D55D5B /* main.m */ = {isa = PBXFileReference; lastKnownFileType = sourcecode.c.objc; path = main.m; sourceTree = "<group>"; };
		4B9ECEA41FE09FF000D55D5B /* CityCorpTests.xctest */ = {isa = PBXFileReference; explicitFileType = wrapper.cfbundle; includeInIndex = 0; path = CityCorpTests.xctest; sourceTree = BUILT_PRODUCTS_DIR; };
		4B9ECEA81FE09FF000D55D5B /* CityCorpTests.m */ = {isa = PBXFileReference; lastKnownFileType = sourcecode.c.objc; path = CityCorpTests.m; sourceTree = "<group>"; };
		4B9ECEAA1FE09FF000D55D5B /* Info.plist */ = {isa = PBXFileReference; lastKnownFileType = text.plist.xml; path = Info.plist; sourceTree = "<group>"; };
		4B9ECEAF1FE09FF000D55D5B /* CityCorpUITests.xctest */ = {isa = PBXFileReference; explicitFileType = wrapper.cfbundle; includeInIndex = 0; path = CityCorpUITests.xctest; sourceTree = BUILT_PRODUCTS_DIR; };
		4B9ECEB31FE09FF000D55D5B /* CityCorpUITests.m */ = {isa = PBXFileReference; lastKnownFileType = sourcecode.c.objc; path = CityCorpUITests.m; sourceTree = "<group>"; };
		4B9ECEB51FE09FF000D55D5B /* Info.plist */ = {isa = PBXFileReference; lastKnownFileType = text.plist.xml; path = Info.plist; sourceTree = "<group>"; };
		4B9ECEC41FE0A16B00D55D5B /* Reykjavik.h */ = {isa = PBXFileReference; lastKnownFileType = sourcecode.c.h; path = Reykjavik.h; sourceTree = "<group>"; };
		4B9ECEC51FE0A18200D55D5B /* Reykjavik.m */ = {isa = PBXFileReference; lastKnownFileType = sourcecode.c.objc; path = Reykjavik.m; sourceTree = "<group>"; };
		4B9ECEC71FE169BA00D55D5B /* MainMenu.h */ = {isa = PBXFileReference; lastKnownFileType = sourcecode.c.h; path = MainMenu.h; sourceTree = "<group>"; };
		4B9ECEC81FE169BA00D55D5B /* MainMenu.m */ = {isa = PBXFileReference; lastKnownFileType = sourcecode.c.objc; path = MainMenu.m; sourceTree = "<group>"; };
		4B9ECECA1FE169E500D55D5B /* MapView.h */ = {isa = PBXFileReference; lastKnownFileType = sourcecode.c.h; path = MapView.h; sourceTree = "<group>"; };
		4B9ECECB1FE169E500D55D5B /* MapView.m */ = {isa = PBXFileReference; lastKnownFileType = sourcecode.c.objc; path = MapView.m; sourceTree = "<group>"; };
		4BA5427421231C0C00F99925 /* Oostende.h */ = {isa = PBXFileReference; lastKnownFileType = sourcecode.c.h; path = Oostende.h; sourceTree = "<group>"; };
		4BA5427521231C0C00F99925 /* Oostende.m */ = {isa = PBXFileReference; lastKnownFileType = sourcecode.c.objc; path = Oostende.m; sourceTree = "<group>"; };
		4BA542772125FB1000F99925 /* Penzance.h */ = {isa = PBXFileReference; lastKnownFileType = sourcecode.c.h; path = Penzance.h; sourceTree = "<group>"; };
		4BA542782125FB1100F99925 /* Penzance.m */ = {isa = PBXFileReference; lastKnownFileType = sourcecode.c.objc; path = Penzance.m; sourceTree = "<group>"; };
		4BA6203D20B306F700AD77F8 /* Bergen.h */ = {isa = PBXFileReference; lastKnownFileType = sourcecode.c.h; path = Bergen.h; sourceTree = "<group>"; };
		4BA6203E20B306F700AD77F8 /* Bergen.m */ = {isa = PBXFileReference; lastKnownFileType = sourcecode.c.objc; path = Bergen.m; sourceTree = "<group>"; };
		4BB3686C1FE817CC00801ED8 /* Assets.xcassets */ = {isa = PBXFileReference; lastKnownFileType = folder.assetcatalog; path = Assets.xcassets; sourceTree = "<group>"; };
		4BB368701FEBEBB600801ED8 /* Button.m */ = {isa = PBXFileReference; lastKnownFileType = sourcecode.c.objc; path = Button.m; sourceTree = "<group>"; };
		4BB368721FEBEBCD00801ED8 /* Button.h */ = {isa = PBXFileReference; lastKnownFileType = sourcecode.c.h; path = Button.h; sourceTree = "<group>"; };
		4BBC61A92009191200AE9979 /* Forgot.h */ = {isa = PBXFileReference; lastKnownFileType = sourcecode.c.h; path = Forgot.h; sourceTree = "<group>"; };
		4BBC61AA2009191300AE9979 /* Forgot.m */ = {isa = PBXFileReference; lastKnownFileType = sourcecode.c.objc; path = Forgot.m; sourceTree = "<group>"; };
		4BF35C91216274230062CC6F /* DLRadioButton.h */ = {isa = PBXFileReference; fileEncoding = 4; lastKnownFileType = sourcecode.c.h; name = DLRadioButton.h; path = "../../../Dropbox/CityCorp 2017/DLRadioButton.h"; sourceTree = "<group>"; };
		4BF35C92216274230062CC6F /* DLRadioButton.m */ = {isa = PBXFileReference; fileEncoding = 4; lastKnownFileType = sourcecode.c.objc; name = DLRadioButton.m; path = "../../../Dropbox/CityCorp 2017/DLRadioButton.m"; sourceTree = "<group>"; };
		4BFE638B20223E2100E92F67 /* GoogleMobileAds.framework */ = {isa = PBXFileReference; lastKnownFileType = wrapper.framework; path = GoogleMobileAds.framework; sourceTree = "<group>"; };
		4BFF1DF71FF57465007902A1 /* Functions.m */ = {isa = PBXFileReference; lastKnownFileType = sourcecode.c.objc; path = Functions.m; sourceTree = "<group>"; };
		4BFF1DF91FF5751C007902A1 /* Functions.h */ = {isa = PBXFileReference; lastKnownFileType = sourcecode.c.h; path = Functions.h; sourceTree = "<group>"; };
/* End PBXFileReference section */

/* Begin PBXFrameworksBuildPhase section */
		4B9ECE891FE09FEE00D55D5B /* Frameworks */ = {
			isa = PBXFrameworksBuildPhase;
			buildActionMask = 2147483647;
			files = (
				4BFE638C20223E2100E92F67 /* GoogleMobileAds.framework in Frameworks */,
			);
			runOnlyForDeploymentPostprocessing = 0;
		};
		4B9ECEA11FE09FF000D55D5B /* Frameworks */ = {
			isa = PBXFrameworksBuildPhase;
			buildActionMask = 2147483647;
			files = (
			);
			runOnlyForDeploymentPostprocessing = 0;
		};
		4B9ECEAC1FE09FF000D55D5B /* Frameworks */ = {
			isa = PBXFrameworksBuildPhase;
			buildActionMask = 2147483647;
			files = (
			);
			runOnlyForDeploymentPostprocessing = 0;
		};
/* End PBXFrameworksBuildPhase section */

/* Begin PBXGroup section */
		4B9ECE831FE09FEE00D55D5B = {
			isa = PBXGroup;
			children = (
				4BFE638B20223E2100E92F67 /* GoogleMobileAds.framework */,
				4B2C46101FE5AD24006F645F /* ABDUCTION.TTF */,
				4B9ECE8E1FE09FEE00D55D5B /* CityCorp */,
				4B9ECEA71FE09FF000D55D5B /* CityCorpTests */,
				4B9ECEB21FE09FF000D55D5B /* CityCorpUITests */,
				4B9ECE8D1FE09FEE00D55D5B /* Products */,
				4BFE63832022371000E92F67 /* Frameworks */,
			);
			sourceTree = "<group>";
		};
		4B9ECE8D1FE09FEE00D55D5B /* Products */ = {
			isa = PBXGroup;
			children = (
				4B9ECE8C1FE09FEE00D55D5B /* CityCorp.app */,
				4B9ECEA41FE09FF000D55D5B /* CityCorpTests.xctest */,
				4B9ECEAF1FE09FF000D55D5B /* CityCorpUITests.xctest */,
			);
			name = Products;
			sourceTree = "<group>";
		};
		4B9ECE8E1FE09FEE00D55D5B /* CityCorp */ = {
			isa = PBXGroup;
			children = (
				4BF35C91216274230062CC6F /* DLRadioButton.h */,
				4BF35C92216274230062CC6F /* DLRadioButton.m */,
				4BB3686C1FE817CC00801ED8 /* Assets.xcassets */,
				4B9ECE8F1FE09FEE00D55D5B /* AppDelegate.h */,
				4B9ECE901FE09FEF00D55D5B /* AppDelegate.m */,
				4B9ECE921FE09FEF00D55D5B /* Login.h */,
				4B9ECE931FE09FEF00D55D5B /* Login.m */,
				4B9ECEC71FE169BA00D55D5B /* MainMenu.h */,
				4B9ECEC81FE169BA00D55D5B /* MainMenu.m */,
				4B9ECECA1FE169E500D55D5B /* MapView.h */,
				4B9ECECB1FE169E500D55D5B /* MapView.m */,
				4B9ECE951FE09FF000D55D5B /* Main.storyboard */,
				4B9ECE9A1FE09FF000D55D5B /* LaunchScreen.storyboard */,
				4B9ECE9D1FE09FF000D55D5B /* Info.plist */,
				4B9ECE9E1FE09FF000D55D5B /* main.m */,
				4B9ECEC41FE0A16B00D55D5B /* Reykjavik.h */,
				4B9ECEC51FE0A18200D55D5B /* Reykjavik.m */,
				4BB368721FEBEBCD00801ED8 /* Button.h */,
				4BB368701FEBEBB600801ED8 /* Button.m */,
				4BFF1DF91FF5751C007902A1 /* Functions.h */,
				4BFF1DF71FF57465007902A1 /* Functions.m */,
				4B1CAA3F1FF83DFE00E48B78 /* Register.h */,
				4B1CAA401FF83DFE00E48B78 /* Register.m */,
				4BBC61A92009191200AE9979 /* Forgot.h */,
				4BBC61AA2009191300AE9979 /* Forgot.m */,
				4B49D7A01FFBD1EF00F33B24 /* Signup.h */,
				4B49D7A11FFBD1EF00F33B24 /* Signup.m */,
				4B62F178202A72DC00DD99BD /* Terminal.h */,
				4B62F179202A72DC00DD99BD /* Terminal.m */,
				4B62F17B202A733100DD99BD /* Market.h */,
				4B62F17C202A733100DD99BD /* Market.m */,
				4B62F17E202A738F00DD99BD /* Social.h */,
				4B62F17F202A738F00DD99BD /* Social.m */,
				4B057A872041C6F600619752 /* Faction.h */,
				4B057A882041C6F600619752 /* Faction.m */,
				4BA6203D20B306F700AD77F8 /* Bergen.h */,
				4BA6203E20B306F700AD77F8 /* Bergen.m */,
				4BA5427421231C0C00F99925 /* Oostende.h */,
				4BA5427521231C0C00F99925 /* Oostende.m */,
				4BA542772125FB1000F99925 /* Penzance.h */,
				4BA542782125FB1100F99925 /* Penzance.m */,
				4B2EDF432128A25C004F97D0 /* Lisbon.h */,
				4B2EDF442128A25C004F97D0 /* Lisbon.m */,
				4B2EDF462128B747004F97D0 /* Torindor.h */,
				4B2EDF472128B747004F97D0 /* Torindor.m */,
			);
			path = CityCorp;
			sourceTree = "<group>";
		};
		4B9ECEA71FE09FF000D55D5B /* CityCorpTests */ = {
			isa = PBXGroup;
			children = (
				4B9ECEA81FE09FF000D55D5B /* CityCorpTests.m */,
				4B9ECEAA1FE09FF000D55D5B /* Info.plist */,
			);
			path = CityCorpTests;
			sourceTree = "<group>";
		};
		4B9ECEB21FE09FF000D55D5B /* CityCorpUITests */ = {
			isa = PBXGroup;
			children = (
				4B9ECEB31FE09FF000D55D5B /* CityCorpUITests.m */,
				4B9ECEB51FE09FF000D55D5B /* Info.plist */,
			);
			path = CityCorpUITests;
			sourceTree = "<group>";
		};
		4BFE63832022371000E92F67 /* Frameworks */ = {
			isa = PBXGroup;
			children = (
			);
			name = Frameworks;
			sourceTree = "<group>";
		};
/* End PBXGroup section */

/* Begin PBXNativeTarget section */
		4B9ECE8B1FE09FEE00D55D5B /* CityCorp */ = {
			isa = PBXNativeTarget;
			buildConfigurationList = 4B9ECEB81FE09FF000D55D5B /* Build configuration list for PBXNativeTarget "CityCorp" */;
			buildPhases = (
				4B9ECE881FE09FEE00D55D5B /* Sources */,
				4B9ECE891FE09FEE00D55D5B /* Frameworks */,
				4B9ECE8A1FE09FEE00D55D5B /* Resources */,
			);
			buildRules = (
			);
			dependencies = (
			);
			name = CityCorp;
			productName = CityCorp;
			productReference = 4B9ECE8C1FE09FEE00D55D5B /* CityCorp.app */;
			productType = "com.apple.product-type.application";
		};
		4B9ECEA31FE09FF000D55D5B /* CityCorpTests */ = {
			isa = PBXNativeTarget;
			buildConfigurationList = 4B9ECEBB1FE09FF000D55D5B /* Build configuration list for PBXNativeTarget "CityCorpTests" */;
			buildPhases = (
				4B9ECEA01FE09FF000D55D5B /* Sources */,
				4B9ECEA11FE09FF000D55D5B /* Frameworks */,
				4B9ECEA21FE09FF000D55D5B /* Resources */,
			);
			buildRules = (
			);
			dependencies = (
				4B9ECEA61FE09FF000D55D5B /* PBXTargetDependency */,
			);
			name = CityCorpTests;
			productName = CityCorpTests;
			productReference = 4B9ECEA41FE09FF000D55D5B /* CityCorpTests.xctest */;
			productType = "com.apple.product-type.bundle.unit-test";
		};
		4B9ECEAE1FE09FF000D55D5B /* CityCorpUITests */ = {
			isa = PBXNativeTarget;
			buildConfigurationList = 4B9ECEBE1FE09FF000D55D5B /* Build configuration list for PBXNativeTarget "CityCorpUITests" */;
			buildPhases = (
				4B9ECEAB1FE09FF000D55D5B /* Sources */,
				4B9ECEAC1FE09FF000D55D5B /* Frameworks */,
				4B9ECEAD1FE09FF000D55D5B /* Resources */,
			);
			buildRules = (
			);
			dependencies = (
				4B9ECEB11FE09FF000D55D5B /* PBXTargetDependency */,
			);
			name = CityCorpUITests;
			productName = CityCorpUITests;
			productReference = 4B9ECEAF1FE09FF000D55D5B /* CityCorpUITests.xctest */;
			productType = "com.apple.product-type.bundle.ui-testing";
		};
/* End PBXNativeTarget section */

/* Begin PBXProject section */
		4B9ECE841FE09FEE00D55D5B /* Project object */ = {
			isa = PBXProject;
			attributes = {
				LastUpgradeCheck = 0910;
				ORGANIZATIONNAME = "Nezennin Corp.";
				TargetAttributes = {
					4B9ECE8B1FE09FEE00D55D5B = {
						CreatedOnToolsVersion = 9.1;
						ProvisioningStyle = Automatic;
					};
					4B9ECEA31FE09FF000D55D5B = {
						CreatedOnToolsVersion = 9.1;
						ProvisioningStyle = Automatic;
						TestTargetID = 4B9ECE8B1FE09FEE00D55D5B;
					};
					4B9ECEAE1FE09FF000D55D5B = {
						CreatedOnToolsVersion = 9.1;
						ProvisioningStyle = Automatic;
						TestTargetID = 4B9ECE8B1FE09FEE00D55D5B;
					};
				};
			};
			buildConfigurationList = 4B9ECE871FE09FEE00D55D5B /* Build configuration list for PBXProject "CityCorp" */;
			compatibilityVersion = "Xcode 8.0";
			developmentRegion = en;
			hasScannedForEncodings = 0;
			knownRegions = (
				en,
				Base,
			);
			mainGroup = 4B9ECE831FE09FEE00D55D5B;
			productRefGroup = 4B9ECE8D1FE09FEE00D55D5B /* Products */;
			projectDirPath = "";
			projectRoot = "";
			targets = (
				4B9ECE8B1FE09FEE00D55D5B /* CityCorp */,
				4B9ECEA31FE09FF000D55D5B /* CityCorpTests */,
				4B9ECEAE1FE09FF000D55D5B /* CityCorpUITests */,
			);
		};
/* End PBXProject section */

/* Begin PBXResourcesBuildPhase section */
		4B9ECE8A1FE09FEE00D55D5B /* Resources */ = {
			isa = PBXResourcesBuildPhase;
			buildActionMask = 2147483647;
			files = (
				4B9ECE9C1FE09FF000D55D5B /* LaunchScreen.storyboard in Resources */,
				4B9ECE971FE09FF000D55D5B /* Main.storyboard in Resources */,
				4BB3686D1FE817CC00801ED8 /* Assets.xcassets in Resources */,
				4B2C46111FE5AD39006F645F /* ABDUCTION.TTF in Resources */,
			);
			runOnlyForDeploymentPostprocessing = 0;
		};
		4B9ECEA21FE09FF000D55D5B /* Resources */ = {
			isa = PBXResourcesBuildPhase;
			buildActionMask = 2147483647;
			files = (
			);
			runOnlyForDeploymentPostprocessing = 0;
		};
		4B9ECEAD1FE09FF000D55D5B /* Resources */ = {
			isa = PBXResourcesBuildPhase;
			buildActionMask = 2147483647;
			files = (
			);
			runOnlyForDeploymentPostprocessing = 0;
		};
/* End PBXResourcesBuildPhase section */

/* Begin PBXSourcesBuildPhase section */
		4B9ECE881FE09FEE00D55D5B /* Sources */ = {
			isa = PBXSourcesBuildPhase;
			buildActionMask = 2147483647;
			files = (
				4BBC61AB2009191300AE9979 /* Forgot.m in Sources */,
				4B62F17A202A72DD00DD99BD /* Terminal.m in Sources */,
				4B2EDF452128A25C004F97D0 /* Lisbon.m in Sources */,
				4BA5427621231C0C00F99925 /* Oostende.m in Sources */,
				4B62F17D202A733100DD99BD /* Market.m in Sources */,
				4B9ECEC91FE169BA00D55D5B /* MainMenu.m in Sources */,
				4BB368711FEBEBB600801ED8 /* Button.m in Sources */,
				4B1CAA411FF83DFE00E48B78 /* Register.m in Sources */,
				4BA6203F20B306F700AD77F8 /* Bergen.m in Sources */,
				4B9ECECC1FE169E500D55D5B /* MapView.m in Sources */,
				4B9ECE941FE09FEF00D55D5B /* Login.m in Sources */,
				4B62F180202A738F00DD99BD /* Social.m in Sources */,
				4B9ECE9F1FE09FF000D55D5B /* main.m in Sources */,
				4B9ECEC61FE0A18200D55D5B /* Reykjavik.m in Sources */,
				4B9ECE911FE09FEF00D55D5B /* AppDelegate.m in Sources */,
				4BFF1DF81FF57465007902A1 /* Functions.m in Sources */,
				4BF35C93216274240062CC6F /* DLRadioButton.m in Sources */,
				4B057A892041C6F600619752 /* Faction.m in Sources */,
				4B49D7A21FFBD1EF00F33B24 /* Signup.m in Sources */,
				4B2EDF482128B747004F97D0 /* Torindor.m in Sources */,
				4BA542792125FB1100F99925 /* Penzance.m in Sources */,
			);
			runOnlyForDeploymentPostprocessing = 0;
		};
		4B9ECEA01FE09FF000D55D5B /* Sources */ = {
			isa = PBXSourcesBuildPhase;
			buildActionMask = 2147483647;
			files = (
				4B9ECEA91FE09FF000D55D5B /* CityCorpTests.m in Sources */,
			);
			runOnlyForDeploymentPostprocessing = 0;
		};
		4B9ECEAB1FE09FF000D55D5B /* Sources */ = {
			isa = PBXSourcesBuildPhase;
			buildActionMask = 2147483647;
			files = (
				4B9ECEB41FE09FF000D55D5B /* CityCorpUITests.m in Sources */,
			);
			runOnlyForDeploymentPostprocessing = 0;
		};
/* End PBXSourcesBuildPhase section */

/* Begin PBXTargetDependency section */
		4B9ECEA61FE09FF000D55D5B /* PBXTargetDependency */ = {
			isa = PBXTargetDependency;
			target = 4B9ECE8B1FE09FEE00D55D5B /* CityCorp */;
			targetProxy = 4B9ECEA51FE09FF000D55D5B /* PBXContainerItemProxy */;
		};
		4B9ECEB11FE09FF000D55D5B /* PBXTargetDependency */ = {
			isa = PBXTargetDependency;
			target = 4B9ECE8B1FE09FEE00D55D5B /* CityCorp */;
			targetProxy = 4B9ECEB01FE09FF000D55D5B /* PBXContainerItemProxy */;
		};
/* End PBXTargetDependency section */

/* Begin PBXVariantGroup section */
		4B9ECE951FE09FF000D55D5B /* Main.storyboard */ = {
			isa = PBXVariantGroup;
			children = (
				4B9ECE961FE09FF000D55D5B /* Base */,
			);
			name = Main.storyboard;
			sourceTree = "<group>";
		};
		4B9ECE9A1FE09FF000D55D5B /* LaunchScreen.storyboard */ = {
			isa = PBXVariantGroup;
			children = (
				4B9ECE9B1FE09FF000D55D5B /* Base */,
			);
			name = LaunchScreen.storyboard;
			sourceTree = "<group>";
		};
/* End PBXVariantGroup section */

/* Begin XCBuildConfiguration section */
		4B9ECEB61FE09FF000D55D5B /* Debug */ = {
			isa = XCBuildConfiguration;
			buildSettings = {
				ALWAYS_SEARCH_USER_PATHS = NO;
				CLANG_ANALYZER_NONNULL = YES;
				CLANG_ANALYZER_NUMBER_OBJECT_CONVERSION = YES_AGGRESSIVE;
				CLANG_CXX_LANGUAGE_STANDARD = "gnu++14";
				CLANG_CXX_LIBRARY = "libc++";
				CLANG_ENABLE_MODULES = YES;
				CLANG_ENABLE_OBJC_ARC = YES;
				CLANG_WARN_BLOCK_CAPTURE_AUTORELEASING = YES;
				CLANG_WARN_BOOL_CONVERSION = YES;
				CLANG_WARN_COMMA = YES;
				CLANG_WARN_CONSTANT_CONVERSION = YES;
				CLANG_WARN_DIRECT_OBJC_ISA_USAGE = YES_ERROR;
				CLANG_WARN_DOCUMENTATION_COMMENTS = YES;
				CLANG_WARN_EMPTY_BODY = YES;
				CLANG_WARN_ENUM_CONVERSION = YES;
				CLANG_WARN_INFINITE_RECURSION = YES;
				CLANG_WARN_INT_CONVERSION = YES;
				CLANG_WARN_NON_LITERAL_NULL_CONVERSION = YES;
				CLANG_WARN_OBJC_LITERAL_CONVERSION = YES;
				CLANG_WARN_OBJC_ROOT_CLASS = YES_ERROR;
				CLANG_WARN_RANGE_LOOP_ANALYSIS = YES;
				CLANG_WARN_STRICT_PROTOTYPES = YES;
				CLANG_WARN_SUSPICIOUS_MOVE = YES;
				CLANG_WARN_UNGUARDED_AVAILABILITY = YES_AGGRESSIVE;
				CLANG_WARN_UNREACHABLE_CODE = YES;
				CLANG_WARN__DUPLICATE_METHOD_MATCH = YES;
				CODE_SIGN_IDENTITY = "iPhone Developer";
				COPY_PHASE_STRIP = NO;
				DEBUG_INFORMATION_FORMAT = dwarf;
				ENABLE_STRICT_OBJC_MSGSEND = YES;
				ENABLE_TESTABILITY = YES;
				GCC_C_LANGUAGE_STANDARD = gnu11;
				GCC_DYNAMIC_NO_PIC = NO;
				GCC_NO_COMMON_BLOCKS = YES;
				GCC_OPTIMIZATION_LEVEL = 0;
				GCC_PREPROCESSOR_DEFINITIONS = (
					"DEBUG=1",
					"$(inherited)",
				);
				GCC_WARN_64_TO_32_BIT_CONVERSION = YES;
				GCC_WARN_ABOUT_RETURN_TYPE = YES_ERROR;
				GCC_WARN_UNDECLARED_SELECTOR = YES;
				GCC_WARN_UNINITIALIZED_AUTOS = YES_AGGRESSIVE;
				GCC_WARN_UNUSED_FUNCTION = YES;
				GCC_WARN_UNUSED_VARIABLE = YES;
				IPHONEOS_DEPLOYMENT_TARGET = 11.2;
				MTL_ENABLE_DEBUG_INFO = YES;
				ONLY_ACTIVE_ARCH = YES;
				SDKROOT = iphoneos;
			};
			name = Debug;
		};
		4B9ECEB71FE09FF000D55D5B /* Release */ = {
			isa = XCBuildConfiguration;
			buildSettings = {
				ALWAYS_SEARCH_USER_PATHS = NO;
				CLANG_ANALYZER_NONNULL = YES;
				CLANG_ANALYZER_NUMBER_OBJECT_CONVERSION = YES_AGGRESSIVE;
				CLANG_CXX_LANGUAGE_STANDARD = "gnu++14";
				CLANG_CXX_LIBRARY = "libc++";
				CLANG_ENABLE_MODULES = YES;
				CLANG_ENABLE_OBJC_ARC = YES;
				CLANG_WARN_BLOCK_CAPTURE_AUTORELEASING = YES;
				CLANG_WARN_BOOL_CONVERSION = YES;
				CLANG_WARN_COMMA = YES;
				CLANG_WARN_CONSTANT_CONVERSION = YES;
				CLANG_WARN_DIRECT_OBJC_ISA_USAGE = YES_ERROR;
				CLANG_WARN_DOCUMENTATION_COMMENTS = YES;
				CLANG_WARN_EMPTY_BODY = YES;
				CLANG_WARN_ENUM_CONVERSION = YES;
				CLANG_WARN_INFINITE_RECURSION = YES;
				CLANG_WARN_INT_CONVERSION = YES;
				CLANG_WARN_NON_LITERAL_NULL_CONVERSION = YES;
				CLANG_WARN_OBJC_LITERAL_CONVERSION = YES;
				CLANG_WARN_OBJC_ROOT_CLASS = YES_ERROR;
				CLANG_WARN_RANGE_LOOP_ANALYSIS = YES;
				CLANG_WARN_STRICT_PROTOTYPES = YES;
				CLANG_WARN_SUSPICIOUS_MOVE = YES;
				CLANG_WARN_UNGUARDED_AVAILABILITY = YES_AGGRESSIVE;
				CLANG_WARN_UNREACHABLE_CODE = YES;
				CLANG_WARN__DUPLICATE_METHOD_MATCH = YES;
				CODE_SIGN_IDENTITY = "iPhone Developer";
				COPY_PHASE_STRIP = NO;
				DEBUG_INFORMATION_FORMAT = "dwarf-with-dsym";
				ENABLE_NS_ASSERTIONS = NO;
				ENABLE_STRICT_OBJC_MSGSEND = YES;
				GCC_C_LANGUAGE_STANDARD = gnu11;
				GCC_NO_COMMON_BLOCKS = YES;
				GCC_WARN_64_TO_32_BIT_CONVERSION = YES;
				GCC_WARN_ABOUT_RETURN_TYPE = YES_ERROR;
				GCC_WARN_UNDECLARED_SELECTOR = YES;
				GCC_WARN_UNINITIALIZED_AUTOS = YES_AGGRESSIVE;
				GCC_WARN_UNUSED_FUNCTION = YES;
				GCC_WARN_UNUSED_VARIABLE = YES;
				IPHONEOS_DEPLOYMENT_TARGET = 11.2;
				MTL_ENABLE_DEBUG_INFO = NO;
				SDKROOT = iphoneos;
				VALIDATE_PRODUCT = YES;
			};
			name = Release;
		};
		4B9ECEB91FE09FF000D55D5B /* Debug */ = {
			isa = XCBuildConfiguration;
			buildSettings = {
				ASSETCATALOG_COMPILER_APPICON_NAME = AppIcon;
				CODE_SIGN_STYLE = Automatic;
				DEVELOPMENT_TEAM = 3A9E9253ZW;
				FRAMEWORK_SEARCH_PATHS = (
					"$(inherited)",
					"$(PROJECT_DIR)",
				);
				INFOPLIST_FILE = CityCorp/Info.plist;
				LD_RUNPATH_SEARCH_PATHS = "$(inherited) @executable_path/Frameworks";
				PRODUCT_BUNDLE_IDENTIFIER = com.nezennin.CityCorp;
				PRODUCT_NAME = "$(TARGET_NAME)";
				TARGETED_DEVICE_FAMILY = 1;
			};
			name = Debug;
		};
		4B9ECEBA1FE09FF000D55D5B /* Release */ = {
			isa = XCBuildConfiguration;
			buildSettings = {
				ASSETCATALOG_COMPILER_APPICON_NAME = AppIcon;
				CODE_SIGN_STYLE = Automatic;
				DEVELOPMENT_TEAM = 3A9E9253ZW;
				FRAMEWORK_SEARCH_PATHS = (
					"$(inherited)",
					"$(PROJECT_DIR)",
				);
				INFOPLIST_FILE = CityCorp/Info.plist;
				LD_RUNPATH_SEARCH_PATHS = "$(inherited) @executable_path/Frameworks";
				PRODUCT_BUNDLE_IDENTIFIER = com.nezennin.CityCorp;
				PRODUCT_NAME = "$(TARGET_NAME)";
				TARGETED_DEVICE_FAMILY = 1;
			};
			name = Release;
		};
		4B9ECEBC1FE09FF000D55D5B /* Debug */ = {
			isa = XCBuildConfiguration;
			buildSettings = {
				BUNDLE_LOADER = "$(TEST_HOST)";
				CODE_SIGN_STYLE = Automatic;
				DEVELOPMENT_TEAM = 3A9E9253ZW;
				INFOPLIST_FILE = CityCorpTests/Info.plist;
				LD_RUNPATH_SEARCH_PATHS = "$(inherited) @executable_path/Frameworks @loader_path/Frameworks";
				PRODUCT_BUNDLE_IDENTIFIER = com.nezennin.CityCorpTests;
				PRODUCT_NAME = "$(TARGET_NAME)";
				TARGETED_DEVICE_FAMILY = "1,2";
				TEST_HOST = "$(BUILT_PRODUCTS_DIR)/CityCorp.app/CityCorp";
			};
			name = Debug;
		};
		4B9ECEBD1FE09FF000D55D5B /* Release */ = {
			isa = XCBuildConfiguration;
			buildSettings = {
				BUNDLE_LOADER = "$(TEST_HOST)";
				CODE_SIGN_STYLE = Automatic;
				DEVELOPMENT_TEAM = 3A9E9253ZW;
				INFOPLIST_FILE = CityCorpTests/Info.plist;
				LD_RUNPATH_SEARCH_PATHS = "$(inherited) @executable_path/Frameworks @loader_path/Frameworks";
				PRODUCT_BUNDLE_IDENTIFIER = com.nezennin.CityCorpTests;
				PRODUCT_NAME = "$(TARGET_NAME)";
				TARGETED_DEVICE_FAMILY = "1,2";
				TEST_HOST = "$(BUILT_PRODUCTS_DIR)/CityCorp.app/CityCorp";
			};
			name = Release;
		};
		4B9ECEBF1FE09FF000D55D5B /* Debug */ = {
			isa = XCBuildConfiguration;
			buildSettings = {
				CODE_SIGN_STYLE = Automatic;
				DEVELOPMENT_TEAM = 3A9E9253ZW;
				INFOPLIST_FILE = CityCorpUITests/Info.plist;
				LD_RUNPATH_SEARCH_PATHS = "$(inherited) @executable_path/Frameworks @loader_path/Frameworks";
				PRODUCT_BUNDLE_IDENTIFIER = com.nezennin.CityCorpUITests;
				PRODUCT_NAME = "$(TARGET_NAME)";
				TARGETED_DEVICE_FAMILY = "1,2";
				TEST_TARGET_NAME = CityCorp;
			};
			name = Debug;
		};
		4B9ECEC01FE09FF000D55D5B /* Release */ = {
			isa = XCBuildConfiguration;
			buildSettings = {
				CODE_SIGN_STYLE = Automatic;
				DEVELOPMENT_TEAM = 3A9E9253ZW;
				INFOPLIST_FILE = CityCorpUITests/Info.plist;
				LD_RUNPATH_SEARCH_PATHS = "$(inherited) @executable_path/Frameworks @loader_path/Frameworks";
				PRODUCT_BUNDLE_IDENTIFIER = com.nezennin.CityCorpUITests;
				PRODUCT_NAME = "$(TARGET_NAME)";
				TARGETED_DEVICE_FAMILY = "1,2";
				TEST_TARGET_NAME = CityCorp;
			};
			name = Release;
		};
/* End XCBuildConfiguration section */

/* Begin XCConfigurationList section */
		4B9ECE871FE09FEE00D55D5B /* Build configuration list for PBXProject "CityCorp" */ = {
			isa = XCConfigurationList;
			buildConfigurations = (
				4B9ECEB61FE09FF000D55D5B /* Debug */,
				4B9ECEB71FE09FF000D55D5B /* Release */,
			);
			defaultConfigurationIsVisible = 0;
			defaultConfigurationName = Release;
		};
		4B9ECEB81FE09FF000D55D5B /* Build configuration list for PBXNativeTarget "CityCorp" */ = {
			isa = XCConfigurationList;
			buildConfigurations = (
				4B9ECEB91FE09FF000D55D5B /* Debug */,
				4B9ECEBA1FE09FF000D55D5B /* Release */,
			);
			defaultConfigurationIsVisible = 0;
			defaultConfigurationName = Release;
		};
		4B9ECEBB1FE09FF000D55D5B /* Build configuration list for PBXNativeTarget "CityCorpTests" */ = {
			isa = XCConfigurationList;
			buildConfigurations = (
				4B9ECEBC1FE09FF000D55D5B /* Debug */,
				4B9ECEBD1FE09FF000D55D5B /* Release */,
			);
			defaultConfigurationIsVisible = 0;
			defaultConfigurationName = Release;
		};
		4B9ECEBE1FE09FF000D55D5B /* Build configuration list for PBXNativeTarget "CityCorpUITests" */ = {
			isa = XCConfigurationList;
			buildConfigurations = (
				4B9ECEBF1FE09FF000D55D5B /* Debug */,
				4B9ECEC01FE09FF000D55D5B /* Release */,
			);
			defaultConfigurationIsVisible = 0;
			defaultConfigurationName = Release;
		};
/* End XCConfigurationList section */
	};
	rootObject = 4B9ECE841FE09FEE00D55D5B /* Project object */;
}
